
Microsoft Visual Studio Solution File, Format Version 12.00
# Visual Studio Version 16
VisualStudioVersion = 16.0.30406.217
MinimumVisualStudioVersion = 10.0.40219.1
Project("{9A19103F-16F7-4668-BE54-9A1E7A4F7556}") = "Bery0za.Methematica", "Bery0za.Methematica\Bery0za.Methematica.csproj", "{5DEC01C0-9367-4941-868F-DEEFE99FA34C}"
EndProject
Global
	GlobalSection(SolutionConfigurationPlatforms) = preSolution
		Debug|Any CPU = Debug|Any CPU
		Release|Any CPU = Release|Any CPU
	EndGlobalSection
	GlobalSection(ProjectConfigurationPlatforms) = postSolution
		{5DEC01C0-9367-4941-868F-DEEFE99FA34C}.Debug|Any CPU.ActiveCfg = Debug|Any CPU
		{5DEC01C0-9367-4941-868F-DEEFE99FA34C}.Debug|Any CPU.Build.0 = Debug|Any CPU
		{5DEC01C0-9367-4941-868F-DEEFE99FA34C}.Release|Any CPU.ActiveCfg = Release|Any CPU
		{5DEC01C0-9367-4941-868F-DEEFE99FA34C}.Release|Any CPU.Build.0 = Release|Any CPU
	EndGlobalSection
	GlobalSection(SolutionProperties) = preSolution
		HideSolutionNode = FALSE
	EndGlobalSection
	GlobalSection(ExtensibilityGlobals) = postSolution
		SolutionGuid = {53A51FB4-AE89-4705-8F05-7CFA0B454D9A}
	EndGlobalSection
EndGlobal
